{
    "_meta": {
        "hash": {
            "sha256": "b34ef1766209dc2bc787c8437a8c4faf31477564973b7028004d5049481f8c75"
        },
        "pipfile-spec": 6,
        "requires": {
            "python_version": "3"
        },
        "sources": [
            {
                "name": "pypi",
                "url": "https://pypi.org/simple",
                "verify_ssl": true
            }
        ]
    },
    "default": {
        "pypresence": {
            "hashes": [
                "sha256:12197b5f51c21e3e555b17f85d3e55023f4ad83b6fff72cd6387659ffd484a02",
                "sha256:691daf98c8189fd216d988ebfc67779e0f664211512d9843f37ab0d51d4de066"
            ],
            "index": "pypi",
            "version": "==4.2.1"
        },
        "pyqt5": {
            "hashes": [
                "sha256:883ba5c8a348be78c8be6a3d3ba014c798e679503bce00d76c666c2dc6afe828",
                "sha256:dc41e8401a90dc3e2b692b411bd5492ab559ae27a27424eed4bd3915564ec4c0",
                "sha256:dd5ce10e79fbf1df29507d2daf99270f2057cdd25e4de6fbf2052b46c652e3a5",
                "sha256:e030d795df4cbbfcf4f38b18e2e119bcc9e177ef658a5094b87bb16cac0ce4c5",
                "sha256:e45c5cc15d4fd26ab5cb0e5cdba60691a3e9086411f8e3662db07a5a4222a696"
            ],
            "index": "pypi",
            "version": "==5.15.9"
        },
        "pyqt5-qt5": {
            "hashes": [
                "sha256:1988f364ec8caf87a6ee5d5a3a5210d57539988bf8e84714c7d60972692e2f4a",
                "sha256:750b78e4dba6bdf1607febedc08738e318ea09e9b10aea9ff0d73073f11f6962",
                "sha256:76980cd3d7ae87e3c7a33bfebfaee84448fd650bad6840471d6cae199b56e154",
                "sha256:9cc7a768b1921f4b982ebc00a318ccb38578e44e45316c7a4a850e953e1dd327"
            ],
            "version": "==5.15.2"
        },
        "pyqt5-sip": {
            "hashes": [
                "sha256:01bc2d443325505b07d35e4a70d239b4f97b77486e29117fb67f927a15cd8061",
                "sha256:1b0203381b895097c41cd1ca6bba7d88fd0d2fa8c3dde6d55c1bb95141080f35",
                "sha256:1e91834cc98fda25c232666ca2e77b14520b47b1cee8d38bc93dbe0cd951443e",
                "sha256:21639b03429baae810119239592762da9a30fa0fe3b1c2e26f456cf1a77a3cc0",
                "sha256:382a85ae7218de9b5ed136d0d865b49c09063e1ca428ed6901b1a5860223b444",
                "sha256:4e683dcbdc9e7d36d7ccba82cf20e4835b54bb212470a8467f1d4b620ddeef6a",
                "sha256:56d08c822a8b4f0950285d1b316d81c3b80bf3ba8d98efc035a205051f03a05d",
                "sha256:660416500991c4eaf20730c2ec4897cd75b476fae9c80fe09fa0f98750693516",
                "sha256:6e4becfdbbe1da70887cd6baa0ef1ec394d81a39522e54a3118d1757e2fd0e06",
                "sha256:7741a57bf7980ef16ee975ea9790f95616d532053e4a4f16bf35449333cbcc5b",
                "sha256:7ca01f0508782374ad3621296780fbb31ac3c6f6c8ba1e7051cc4c08354c46a3",
                "sha256:96ec94a7239f83e30b4c37a7f89c75df3504918a372d968e773532b5fbc7d268",
                "sha256:a04933dacbba804623c5861d214e217e7e3454beab84566ba5e02c86fb86eded",
                "sha256:bc0df0e4a95e2dc394009cf473098deb318ba6c5208390acc762889a253ef802",
                "sha256:d26078f436952d774c51599b90d5aa4b9533406f7d65e0d80931a87a24268836",
                "sha256:d33ec957b9c104b56756cc10f82e544d41d64d0e2048c95ba1b64ef6d1ad55dc",
                "sha256:d66df3702adf375ec8d4d69ec2a80f57ea899180b1db62188c6313a2f81085da",
                "sha256:d763dde46d5754c44aed1fbd9ef030c0850b8b341834b4d274d64f8fb1b25a05",
                "sha256:da0c653c3a9843e0bb3bdd43c773c07458a0ae78bd056ebcad0b59ce1aa91e1c",
                "sha256:e19fcd0536cb74eda5dfab24490cb20966d371069a95f81f56cb9de7c18c2bee",
                "sha256:e77e683916f44b82f880155e0c13566ad285c5708c53287d67b4c2971c4579a3"
            ],
            "markers": "python_version >= '3.7'",
            "version": "==12.12.0"
        }
    },
    "develop": {
        "altgraph": {
            "hashes": [
                "sha256:ad33358114df7c9416cdb8fa1eaa5852166c505118717021c6a8c7c7abbd03dd",
                "sha256:c8ac1ca6772207179ed8003ce7687757c04b0b71536f81e2ac5755c6226458fe"
            ],
            "version": "==0.17.3"
        },
        "pefile": {
            "hashes": [
                "sha256:82e6114004b3d6911c77c3953e3838654b04511b8b66e8583db70c65998017dc",
                "sha256:da185cd2af68c08a6cd4481f7325ed600a88f6a813bad9dea07ab3ef73d8d8d6"
            ],
            "markers": "sys_platform == 'win32'",
            "version": "==2023.2.7"
        },
        "pyinstaller": {
            "hashes": [
                "sha256:247b99c52dc3cf69eba905da30dbca0a8ea309e1058cab44658ac838d9b8f2f0",
                "sha256:2d16641a495593d174504263b038a6d3d46b3b15a381ccb216cf6cce67723512",
                "sha256:333b4ffda38d9c0a561c38429dd9848d37aa78f3b8ea8a6f2b2e69a60d523c02",
                "sha256:6afc7aa4885ffd3e6121a8cf2138830099f874c18cb5869bed8c1a42db82d060",
                "sha256:6ecc464bf56919bf2d6bff275f38d85ff08ae747b8ead3a0c26cf85573b3c723",
                "sha256:7a1db833bb0302b66ae3ae337fbd5487699658ce869ca4d538b5359b8179e83a",
                "sha256:85e39e36d03355423636907a26a9bfa06fdc93cb1086441b19d2d0ca448479fa",
                "sha256:915a502802c751bafd92d568ac57468ec6cdf252b8308aa9a167bbc2c565ad2d",
                "sha256:9e9a38f41f8280c8e29b294716992852281b41fbe64ba330ebab671efe27b26d",
                "sha256:bb7de35cd209a0a0358aec761a273ae951d2161c03728f15d9a640d06a88e472",
                "sha256:df97aaf1103a1c485aa3c9947792a86675e370f5ce9b436b4a84e34a4180c8d2",
                "sha256:f677fbc151db1eb00ada94e86ed128e7b359cbd6bf3f6ea815afdde687692d46"
            ],
            "index": "pypi",
            "version": "==5.10.1"
        },
        "pyinstaller-hooks-contrib": {
            "hashes": [
                "sha256:7fb856a81fd06a717188a3175caa77e902035cc067b00b583c6409c62497b23f",
                "sha256:e02c5f0ee3d4f5814588c2128caf5036c058ba764aaf24d957bb5311ad8690ad"
            ],
            "markers": "python_version >= '3.7'",
            "version": "==2023.2"
        },
        "pywin32-ctypes": {
            "hashes": [
                "sha256:24ffc3b341d457d48e8922352130cf2644024a4ff09762a2261fd34c36ee5942",
                "sha256:9dc2d991b3479cc2df15930958b674a48a227d5361d413827a4cfd0b5876fc98"
            ],
            "markers": "sys_platform == 'win32'",
            "version": "==0.2.0"
        },
        "setuptools": {
            "hashes": [
                "sha256:257de92a9d50a60b8e22abfcbb771571fde0dbf3ec234463212027a4eeecbe9a",
                "sha256:e728ca814a823bf7bf60162daf9db95b93d532948c4c0bea762ce62f60189078"
            ],
            "markers": "python_version >= '3.7'",
            "version": "==67.6.1"
        }
    }
}
